github.com/davecgh/go-spew v1.1.0 h1:ZDRjVQ15GmhC3fiQ8ni8+OwkZQO4DARzQgrnXU1Liz8=
github.com/davecgh/go-spew v1.1.0/go.mod h1:J7Y8YcW2NihsgmVo/mv3lAwl/skON4iLHjSsI+c5H38=
github.com/guangzhou-meta/antlr4/runtime/Go/antlr v0.0.0-20211112035332-114be451a586 h1:Um2XXYTgbdtd666KYd7o/wbU3pvQHQEUfA723KwCpbk=
github.com/guangzhou-meta/antlr4/runtime/Go/antlr v0.0.0-20211112035332-114be451a586/go.mod h1:jFLvuUQ57ZYII4/LXl6y7AN8oPh6wYXVq9QUmFrNpfw=
github.com/guangzhou-meta/go-lib/arrays v0.0.0-20211112035611-4a6f58528db6 h1:nvtiLIzneF0LhFLlxElojP7oG7XpvDB3fpIIUMjq3IY=
github.com/guangzhou-meta/go-lib/arrays v0.0.0-20211112035611-4a6f58528db6/go.mod h1:7FqSZxwL/mKams1uEjEvfRCNfcOgKxJMd1WA0FflS7o=
github.com/guangzhou-meta/go-lib/collections v0.0.0-20211112035611-4a6f58528db6 h1:B5WQVjhx+q84vVHGQBHQP+Cxmo4ka3B7gmsnC6cRQWQ=
github.com/guangzhou-meta/go-lib/collections v0.0.0-20211112035611-4a6f58528db6/go.mod h1:eP/GsknS47SrsAoy+7unuzJcFqoy3bUWvnx8nqJ6VcQ=
github.com/guangzhou-meta/go-lib/strings v0.0.0-20211112035611-4a6f58528db6 h1:WIxsAgtB7vz7k4GH2gxnuz0edoTHxejWgdH8sLREm3E=
github.com/guangzhou-meta/go-lib/strings v0.0.0-20211112035611-4a6f58528db6/go.mod h1:iw/AAetg2RwmEeabxF4nJqsxpBJ0aQMYOfS+drszrNc=
github.com/pkg/errors v0.9.1 h1:FEBLx1zS214owpjy7qsBeixbURkuhQAwrK5UwLGTwt4=
github.com/pkg/errors v0.9.1/go.mod h1:bwawxfHBFNV+L2hUp1rHADufV3IMtnDRdf1r5NINEl0=
github.com/pmezard/go-difflib v1.0.0 h1:4DBwDE0NGyQoBHbLQYPwSUPoCMWR5BEzIk/f1lZbAQM=
github.com/pmezard/go-difflib v1.0.0/go.mod h1:iKH77koFhYxTK1pcRnkKkqfTogsbg7gZNVY4sRDYZ/4=
github.com/stretchr/objx v0.1.0/go.mod h1:HFkY916IF+rwdDfMAkV7OtwuqBVzrE8GR6GFx+wExME=
github.com/stretchr/testify v1.7.0 h1:nwc3DEeHmmLAfoZucVR881uASk0Mfjw8xYJ99tb5CcY=
github.com/stretchr/testify v1.7.0/go.mod h1:6Fq8oRcR53rry900zMqJjRRixrwX3KX962/h/Wwjteg=
gopkg.in/check.v1 v0.0.0-20161208181325-20d25e280405/go.mod h1:Co6ibVJAznAaIkqp8huTwlJQCZ016jof/cbN4VW5Yz0=
gopkg.in/yaml.v3 v3.0.0-20200313102051-9f266ea9e77c h1:dUUwHk2QECo/6vqA44rthZ8ie2QXMNeKRTHCNY2nXvo=
gopkg.in/yaml.v3 v3.0.0-20200313102051-9f266ea9e77c/go.mod h1:K4uyk7z7BCEPqu6E+C64Yfv1cQ7kz7rIZviUmN+EgEM=
